// !$*UTF8*$!
{
	archiveVersion = 1;
	classes = {
	};
	objectVersion = 46;
	objects = {

/* Begin PBXBuildFile section */
		492068B01F0F7394002BFD29 /* FeedVC.swift in Sources */ = {isa = PBXBuildFile; fileRef = 492068AF1F0F7394002BFD29 /* FeedVC.swift */; };
		492068B21F0F90E3002BFD29 /* RoundImage.swift in Sources */ = {isa = PBXBuildFile; fileRef = 492068B11F0F90E3002BFD29 /* RoundImage.swift */; };
		492068B41F0FA12F002BFD29 /* PostCell.swift in Sources */ = {isa = PBXBuildFile; fileRef = 492068B31F0FA12F002BFD29 /* PostCell.swift */; };
		492068B71F0FCF0B002BFD29 /* DataService.swift in Sources */ = {isa = PBXBuildFile; fileRef = 492068B61F0FCF0B002BFD29 /* DataService.swift */; };
		4969DB751F0CCF6F005BEB60 /* AppDelegate.swift in Sources */ = {isa = PBXBuildFile; fileRef = 4969DB741F0CCF6F005BEB60 /* AppDelegate.swift */; };
		4969DB771F0CCF70005BEB60 /* SignInVC.swift in Sources */ = {isa = PBXBuildFile; fileRef = 4969DB761F0CCF70005BEB60 /* SignInVC.swift */; };
		4969DB7A1F0CCF70005BEB60 /* Main.storyboard in Resources */ = {isa = PBXBuildFile; fileRef = 4969DB781F0CCF70005BEB60 /* Main.storyboard */; };
		4969DB7C1F0CCF71005BEB60 /* Assets.xcassets in Resources */ = {isa = PBXBuildFile; fileRef = 4969DB7B1F0CCF71005BEB60 /* Assets.xcassets */; };
		4969DB7F1F0CCF71005BEB60 /* LaunchScreen.storyboard in Resources */ = {isa = PBXBuildFile; fileRef = 4969DB7D1F0CCF71005BEB60 /* LaunchScreen.storyboard */; };
		4969DB8C1F0CD67F005BEB60 /* GoogleService-Info.plist in Resources */ = {isa = PBXBuildFile; fileRef = 4969DB8B1F0CD67F005BEB60 /* GoogleService-Info.plist */; };
		4969DB8F1F0CE6E7005BEB60 /* Constants.swift in Sources */ = {isa = PBXBuildFile; fileRef = 4969DB8E1F0CE6E7005BEB60 /* Constants.swift */; };
		4969DB911F0CE73B005BEB60 /* FancyView.swift in Sources */ = {isa = PBXBuildFile; fileRef = 4969DB901F0CE73B005BEB60 /* FancyView.swift */; };
		4969DB931F0CEADB005BEB60 /* RoundBtn.swift in Sources */ = {isa = PBXBuildFile; fileRef = 4969DB921F0CEADB005BEB60 /* RoundBtn.swift */; };
		4969DB951F0CECA7005BEB60 /* FancyTextField.swift in Sources */ = {isa = PBXBuildFile; fileRef = 4969DB941F0CECA7005BEB60 /* FancyTextField.swift */; };
		5433655524658171EDCC2335 /* Pods_Social_app.framework in Frameworks */ = {isa = PBXBuildFile; fileRef = 446D94EA9A90E800B776C160 /* Pods_Social_app.framework */; };
/* End PBXBuildFile section */

/* Begin PBXFileReference section */
		446D94EA9A90E800B776C160 /* Pods_Social_app.framework */ = {isa = PBXFileReference; explicitFileType = wrapper.framework; includeInIndex = 0; path = Pods_Social_app.framework; sourceTree = BUILT_PRODUCTS_DIR; };
		492068AF1F0F7394002BFD29 /* FeedVC.swift */ = {isa = PBXFileReference; fileEncoding = 4; lastKnownFileType = sourcecode.swift; path = FeedVC.swift; sourceTree = "<group>"; };
		492068B11F0F90E3002BFD29 /* RoundImage.swift */ = {isa = PBXFileReference; fileEncoding = 4; lastKnownFileType = sourcecode.swift; path = RoundImage.swift; sourceTree = "<group>"; };
		492068B31F0FA12F002BFD29 /* PostCell.swift */ = {isa = PBXFileReference; fileEncoding = 4; lastKnownFileType = sourcecode.swift; path = PostCell.swift; sourceTree = "<group>"; };
		492068B61F0FCF0B002BFD29 /* DataService.swift */ = {isa = PBXFileReference; fileEncoding = 4; lastKnownFileType = sourcecode.swift; path = DataService.swift; sourceTree = "<group>"; };
		4969DB711F0CCF6F005BEB60 /* Social app.app */ = {isa = PBXFileReference; explicitFileType = wrapper.application; includeInIndex = 0; path = "Social app.app"; sourceTree = BUILT_PRODUCTS_DIR; };
		4969DB741F0CCF6F005BEB60 /* AppDelegate.swift */ = {isa = PBXFileReference; lastKnownFileType = sourcecode.swift; path = AppDelegate.swift; sourceTree = "<group>"; };
		4969DB761F0CCF70005BEB60 /* SignInVC.swift */ = {isa = PBXFileReference; lastKnownFileType = sourcecode.swift; path = SignInVC.swift; sourceTree = "<group>"; };
		4969DB791F0CCF70005BEB60 /* Base */ = {isa = PBXFileReference; lastKnownFileType = file.storyboard; name = Base; path = Base.lproj/Main.storyboard; sourceTree = "<group>"; };
		4969DB7B1F0CCF71005BEB60 /* Assets.xcassets */ = {isa = PBXFileReference; lastKnownFileType = folder.assetcatalog; path = Assets.xcassets; sourceTree = "<group>"; };
		4969DB7E1F0CCF71005BEB60 /* Base */ = {isa = PBXFileReference; lastKnownFileType = file.storyboard; name = Base; path = Base.lproj/LaunchScreen.storyboard; sourceTree = "<group>"; };
		4969DB801F0CCF71005BEB60 /* Info.plist */ = {isa = PBXFileReference; lastKnownFileType = text.plist.xml; path = Info.plist; sourceTree = "<group>"; };
		4969DB8B1F0CD67F005BEB60 /* GoogleService-Info.plist */ = {isa = PBXFileReference; fileEncoding = 4; lastKnownFileType = text.plist.xml; path = "GoogleService-Info.plist"; sourceTree = "<group>"; };
		4969DB8E1F0CE6E7005BEB60 /* Constants.swift */ = {isa = PBXFileReference; fileEncoding = 4; lastKnownFileType = sourcecode.swift; path = Constants.swift; sourceTree = "<group>"; };
		4969DB901F0CE73B005BEB60 /* FancyView.swift */ = {isa = PBXFileReference; fileEncoding = 4; lastKnownFileType = sourcecode.swift; path = FancyView.swift; sourceTree = "<group>"; };
		4969DB921F0CEADB005BEB60 /* RoundBtn.swift */ = {isa = PBXFileReference; fileEncoding = 4; lastKnownFileType = sourcecode.swift; path = RoundBtn.swift; sourceTree = "<group>"; };
		4969DB941F0CECA7005BEB60 /* FancyTextField.swift */ = {isa = PBXFileReference; fileEncoding = 4; lastKnownFileType = sourcecode.swift; path = FancyTextField.swift; sourceTree = "<group>"; };
		8441D5E545FE9F5EB061D798 /* Pods-Social app.debug.xcconfig */ = {isa = PBXFileReference; includeInIndex = 1; lastKnownFileType = text.xcconfig; name = "Pods-Social app.debug.xcconfig"; path = "Pods/Target Support Files/Pods-Social app/Pods-Social app.debug.xcconfig"; sourceTree = "<group>"; };
		D22838408BE804732E32C111 /* Pods-Social app.release.xcconfig */ = {isa = PBXFileReference; includeInIndex = 1; lastKnownFileType = text.xcconfig; name = "Pods-Social app.release.xcconfig"; path = "Pods/Target Support Files/Pods-Social app/Pods-Social app.release.xcconfig"; sourceTree = "<group>"; };
/* End PBXFileReference section */

/* Begin PBXFrameworksBuildPhase section */
		4969DB6E1F0CCF6F005BEB60 /* Frameworks */ = {
			isa = PBXFrameworksBuildPhase;
			buildActionMask = 2147483647;
			files = (
				5433655524658171EDCC2335 /* Pods_Social_app.framework in Frameworks */,
			);
			runOnlyForDeploymentPostprocessing = 0;
		};
/* End PBXFrameworksBuildPhase section */

/* Begin PBXGroup section */
		492068B51F0FCEDA002BFD29 /* Services */ = {
			isa = PBXGroup;
			children = (
				492068B61F0FCF0B002BFD29 /* DataService.swift */,
			);
			name = Services;
			sourceTree = "<group>";
		};
		4969DB681F0CCF6E005BEB60 = {
			isa = PBXGroup;
			children = (
				4969DB731F0CCF6F005BEB60 /* Social app */,
				4969DB721F0CCF6F005BEB60 /* Products */,
				5F42FDB9DFC104A09764D823 /* Pods */,
				5080EEC57410AD925ABF941D /* Frameworks */,
			);
			sourceTree = "<group>";
		};
		4969DB721F0CCF6F005BEB60 /* Products */ = {
			isa = PBXGroup;
			children = (
				4969DB711F0CCF6F005BEB60 /* Social app.app */,
			);
			name = Products;
			sourceTree = "<group>";
		};
		4969DB731F0CCF6F005BEB60 /* Social app */ = {
			isa = PBXGroup;
			children = (
				492068B51F0FCEDA002BFD29 /* Services */,
				4969DB8D1F0CE6A5005BEB60 /* Util */,
				4969DB891F0CD468005BEB60 /* Model */,
				4969DB8A1F0CD471005BEB60 /* View */,
				4969DB881F0CD455005BEB60 /* Controller */,
				4969DB741F0CCF6F005BEB60 /* AppDelegate.swift */,
				4969DB781F0CCF70005BEB60 /* Main.storyboard */,
				4969DB7B1F0CCF71005BEB60 /* Assets.xcassets */,
				4969DB7D1F0CCF71005BEB60 /* LaunchScreen.storyboard */,
				4969DB801F0CCF71005BEB60 /* Info.plist */,
				4969DB8B1F0CD67F005BEB60 /* GoogleService-Info.plist */,
			);
			path = "Social app";
			sourceTree = "<group>";
		};
		4969DB881F0CD455005BEB60 /* Controller */ = {
			isa = PBXGroup;
			children = (
				4969DB761F0CCF70005BEB60 /* SignInVC.swift */,
				492068AF1F0F7394002BFD29 /* FeedVC.swift */,
			);
			name = Controller;
			sourceTree = "<group>";
		};
		4969DB891F0CD468005BEB60 /* Model */ = {
			isa = PBXGroup;
			children = (
			);
			name = Model;
			sourceTree = "<group>";
		};
		4969DB8A1F0CD471005BEB60 /* View */ = {
			isa = PBXGroup;
			children = (
				4969DB901F0CE73B005BEB60 /* FancyView.swift */,
				4969DB921F0CEADB005BEB60 /* RoundBtn.swift */,
				4969DB941F0CECA7005BEB60 /* FancyTextField.swift */,
				492068B11F0F90E3002BFD29 /* RoundImage.swift */,
				492068B31F0FA12F002BFD29 /* PostCell.swift */,
			);
			name = View;
			sourceTree = "<group>";
		};
		4969DB8D1F0CE6A5005BEB60 /* Util */ = {
			isa = PBXGroup;
			children = (
				4969DB8E1F0CE6E7005BEB60 /* Constants.swift */,
			);
			name = Util;
			sourceTree = "<group>";
		};
		5080EEC57410AD925ABF941D /* Frameworks */ = {
			isa = PBXGroup;
			children = (
				446D94EA9A90E800B776C160 /* Pods_Social_app.framework */,
			);
			name = Frameworks;
			sourceTree = "<group>";
		};
		5F42FDB9DFC104A09764D823 /* Pods */ = {
			isa = PBXGroup;
			children = (
				8441D5E545FE9F5EB061D798 /* Pods-Social app.debug.xcconfig */,
				D22838408BE804732E32C111 /* Pods-Social app.release.xcconfig */,
			);
			name = Pods;
			sourceTree = "<group>";
		};
/* End PBXGroup section */

/* Begin PBXNativeTarget section */
		4969DB701F0CCF6F005BEB60 /* Social app */ = {
			isa = PBXNativeTarget;
			buildConfigurationList = 4969DB831F0CCF71005BEB60 /* Build configuration list for PBXNativeTarget "Social app" */;
			buildPhases = (
				6E86D30DF6A8C327878D892E /* [CP] Check Pods Manifest.lock */,
				4969DB6D1F0CCF6F005BEB60 /* Sources */,
				4969DB6E1F0CCF6F005BEB60 /* Frameworks */,
				4969DB6F1F0CCF6F005BEB60 /* Resources */,
				8ABBF29F8BB2865EDC762F4A /* [CP] Embed Pods Frameworks */,
				621C7D61E86617E94BB56664 /* [CP] Copy Pods Resources */,
			);
			buildRules = (
			);
			dependencies = (
			);
			name = "Social app";
			productName = "Social app";
			productReference = 4969DB711F0CCF6F005BEB60 /* Social app.app */;
			productType = "com.apple.product-type.application";
		};
/* End PBXNativeTarget section */

/* Begin PBXProject section */
		4969DB691F0CCF6E005BEB60 /* Project object */ = {
			isa = PBXProject;
			attributes = {
				LastSwiftUpdateCheck = 0830;
				LastUpgradeCheck = 0830;
				ORGANIZATIONNAME = iPF;
				TargetAttributes = {
					4969DB701F0CCF6F005BEB60 = {
						CreatedOnToolsVersion = 8.3.1;
						DevelopmentTeam = 36YPV5A7MB;
						ProvisioningStyle = Automatic;
					};
				};
			};
			buildConfigurationList = 4969DB6C1F0CCF6E005BEB60 /* Build configuration list for PBXProject "Social app" */;
			compatibilityVersion = "Xcode 3.2";
			developmentRegion = English;
			hasScannedForEncodings = 0;
			knownRegions = (
				en,
				Base,
			);
			mainGroup = 4969DB681F0CCF6E005BEB60;
			productRefGroup = 4969DB721F0CCF6F005BEB60 /* Products */;
			projectDirPath = "";
			projectRoot = "";
			targets = (
				4969DB701F0CCF6F005BEB60 /* Social app */,
			);
		};
/* End PBXProject section */

/* Begin PBXResourcesBuildPhase section */
		4969DB6F1F0CCF6F005BEB60 /* Resources */ = {
			isa = PBXResourcesBuildPhase;
			buildActionMask = 2147483647;
			files = (
				4969DB7F1F0CCF71005BEB60 /* LaunchScreen.storyboard in Resources */,
				4969DB8C1F0CD67F005BEB60 /* GoogleService-Info.plist in Resources */,
				4969DB7C1F0CCF71005BEB60 /* Assets.xcassets in Resources */,
				4969DB7A1F0CCF70005BEB60 /* Main.storyboard in Resources */,
			);
			runOnlyForDeploymentPostprocessing = 0;
		};
/* End PBXResourcesBuildPhase section */

/* Begin PBXShellScriptBuildPhase section */
		621C7D61E86617E94BB56664 /* [CP] Copy Pods Resources */ = {
			isa = PBXShellScriptBuildPhase;
			buildActionMask = 2147483647;
			files = (
			);
			inputPaths = (
			);
			name = "[CP] Copy Pods Resources";
			outputPaths = (
			);
			runOnlyForDeploymentPostprocessing = 0;
			shellPath = /bin/sh;
			shellScript = "\"${SRCROOT}/Pods/Target Support Files/Pods-Social app/Pods-Social app-resources.sh\"\n";
			showEnvVarsInLog = 0;
		};
		6E86D30DF6A8C327878D892E /* [CP] Check Pods Manifest.lock */ = {
			isa = PBXShellScriptBuildPhase;
			buildActionMask = 2147483647;
			files = (
			);
			inputPaths = (
			);
			name = "[CP] Check Pods Manifest.lock";
			outputPaths = (
			);
			runOnlyForDeploymentPostprocessing = 0;
			shellPath = /bin/sh;
			shellScript = "diff \"${PODS_PODFILE_DIR_PATH}/Podfile.lock\" \"${PODS_ROOT}/Manifest.lock\" > /dev/null\nif [ $? != 0 ] ; then\n    # print error to STDERR\n    echo \"error: The sandbox is not in sync with the Podfile.lock. Run 'pod install' or update your CocoaPods installation.\" >&2\n    exit 1\nfi\n";
			showEnvVarsInLog = 0;
		};
		8ABBF29F8BB2865EDC762F4A /* [CP] Embed Pods Frameworks */ = {
			isa = PBXShellScriptBuildPhase;
			buildActionMask = 2147483647;
			files = (
			);
			inputPaths = (
			);
			name = "[CP] Embed Pods Frameworks";
			outputPaths = (
			);
			runOnlyForDeploymentPostprocessing = 0;
			shellPath = /bin/sh;
			shellScript = "\"${SRCROOT}/Pods/Target Support Files/Pods-Social app/Pods-Social app-frameworks.sh\"\n";
			showEnvVarsInLog = 0;
		};
/* End PBXShellScriptBuildPhase section */

/* Begin PBXSourcesBuildPhase section */
		4969DB6D1F0CCF6F005BEB60 /* Sources */ = {
			isa = PBXSourcesBuildPhase;
			buildActionMask = 2147483647;
			files = (
				4969DB771F0CCF70005BEB60 /* SignInVC.swift in Sources */,
				492068B01F0F7394002BFD29 /* FeedVC.swift in Sources */,
				4969DB931F0CEADB005BEB60 /* RoundBtn.swift in Sources */,
				4969DB751F0CCF6F005BEB60 /* AppDelegate.swift in Sources */,
				4969DB951F0CECA7005BEB60 /* FancyTextField.swift in Sources */,
				492068B41F0FA12F002BFD29 /* PostCell.swift in Sources */,
				4969DB911F0CE73B005BEB60 /* FancyView.swift in Sources */,
				492068B21F0F90E3002BFD29 /* RoundImage.swift in Sources */,
				4969DB8F1F0CE6E7005BEB60 /* Constants.swift in Sources */,
				492068B71F0FCF0B002BFD29 /* DataService.swift in Sources */,
			);
			runOnlyForDeploymentPostprocessing = 0;
		};
/* End PBXSourcesBuildPhase section */

/* Begin PBXVariantGroup section */
		4969DB781F0CCF70005BEB60 /* Main.storyboard */ = {
			isa = PBXVariantGroup;
			children = (
				4969DB791F0CCF70005BEB60 /* Base */,
			);
			name = Main.storyboard;
			sourceTree = "<group>";
		};
		4969DB7D1F0CCF71005BEB60 /* LaunchScreen.storyboard */ = {
			isa = PBXVariantGroup;
			children = (
				4969DB7E1F0CCF71005BEB60 /* Base */,
			);
			name = LaunchScreen.storyboard;
			sourceTree = "<group>";
		};
/* End PBXVariantGroup section */

/* Begin XCBuildConfiguration section */
		4969DB811F0CCF71005BEB60 /* Debug */ = {
			isa = XCBuildConfiguration;
			buildSettings = {
				ALWAYS_SEARCH_USER_PATHS = NO;
				CLANG_ANALYZER_NONNULL = YES;
				CLANG_ANALYZER_NUMBER_OBJECT_CONVERSION = YES_AGGRESSIVE;
				CLANG_CXX_LANGUAGE_STANDARD = "gnu++0x";
				CLANG_CXX_LIBRARY = "libc++";
				CLANG_ENABLE_MODULES = YES;
				CLANG_ENABLE_OBJC_ARC = YES;
				CLANG_WARN_BOOL_CONVERSION = YES;
				CLANG_WARN_CONSTANT_CONVERSION = YES;
				CLANG_WARN_DIRECT_OBJC_ISA_USAGE = YES_ERROR;
				CLANG_WARN_DOCUMENTATION_COMMENTS = YES;
				CLANG_WARN_EMPTY_BODY = YES;
				CLANG_WARN_ENUM_CONVERSION = YES;
				CLANG_WARN_INFINITE_RECURSION = YES;
				CLANG_WARN_INT_CONVERSION = YES;
				CLANG_WARN_OBJC_ROOT_CLASS = YES_ERROR;
				CLANG_WARN_SUSPICIOUS_MOVE = YES;
				CLANG_WARN_UNREACHABLE_CODE = YES;
				CLANG_WARN__DUPLICATE_METHOD_MATCH = YES;
				"CODE_SIGN_IDENTITY[sdk=iphoneos*]" = "iPhone Developer";
				COPY_PHASE_STRIP = NO;
				DEBUG_INFORMATION_FORMAT = dwarf;
				ENABLE_STRICT_OBJC_MSGSEND = YES;
				ENABLE_TESTABILITY = YES;
				GCC_C_LANGUAGE_STANDARD = gnu99;
				GCC_DYNAMIC_NO_PIC = NO;
				GCC_NO_COMMON_BLOCKS = YES;
				GCC_OPTIMIZATION_LEVEL = 0;
				GCC_PREPROCESSOR_DEFINITIONS = (
					"DEBUG=1",
					"$(inherited)",
				);
				GCC_WARN_64_TO_32_BIT_CONVERSION = YES;
				GCC_WARN_ABOUT_RETURN_TYPE = YES_ERROR;
				GCC_WARN_UNDECLARED_SELECTOR = YES;
				GCC_WARN_UNINITIALIZED_AUTOS = YES_AGGRESSIVE;
				GCC_WARN_UNUSED_FUNCTION = YES;
				GCC_WARN_UNUSED_VARIABLE = YES;
				IPHONEOS_DEPLOYMENT_TARGET = 10.3;
				MTL_ENABLE_DEBUG_INFO = YES;
				ONLY_ACTIVE_ARCH = YES;
				SDKROOT = iphoneos;
				SWIFT_ACTIVE_COMPILATION_CONDITIONS = DEBUG;
				SWIFT_OPTIMIZATION_LEVEL = "-Onone";
			};
			name = Debug;
		};
		4969DB821F0CCF71005BEB60 /* Release */ = {
			isa = XCBuildConfiguration;
			buildSettings = {
				ALWAYS_SEARCH_USER_PATHS = NO;
				CLANG_ANALYZER_NONNULL = YES;
				CLANG_ANALYZER_NUMBER_OBJECT_CONVERSION = YES_AGGRESSIVE;
				CLANG_CXX_LANGUAGE_STANDARD = "gnu++0x";
				CLANG_CXX_LIBRARY = "libc++";
				CLANG_ENABLE_MODULES = YES;
				CLANG_ENABLE_OBJC_ARC = YES;
				CLANG_WARN_BOOL_CONVERSION = YES;
				CLANG_WARN_CONSTANT_CONVERSION = YES;
				CLANG_WARN_DIRECT_OBJC_ISA_USAGE = YES_ERROR;
				CLANG_WARN_DOCUMENTATION_COMMENTS = YES;
				CLANG_WARN_EMPTY_BODY = YES;
				CLANG_WARN_ENUM_CONVERSION = YES;
				CLANG_WARN_INFINITE_RECURSION = YES;
				CLANG_WARN_INT_CONVERSION = YES;
				CLANG_WARN_OBJC_ROOT_CLASS = YES_ERROR;
				CLANG_WARN_SUSPICIOUS_MOVE = YES;
				CLANG_WARN_UNREACHABLE_CODE = YES;
				CLANG_WARN__DUPLICATE_METHOD_MATCH = YES;
				"CODE_SIGN_IDENTITY[sdk=iphoneos*]" = "iPhone Developer";
				COPY_PHASE_STRIP = NO;
				DEBUG_INFORMATION_FORMAT = "dwarf-with-dsym";
				ENABLE_NS_ASSERTIONS = NO;
				ENABLE_STRICT_OBJC_MSGSEND = YES;
				GCC_C_LANGUAGE_STANDARD = gnu99;
				GCC_NO_COMMON_BLOCKS = YES;
				GCC_WARN_64_TO_32_BIT_CONVERSION = YES;
				GCC_WARN_ABOUT_RETURN_TYPE = YES_ERROR;
				GCC_WARN_UNDECLARED_SELECTOR = YES;
				GCC_WARN_UNINITIALIZED_AUTOS = YES_AGGRESSIVE;
				GCC_WARN_UNUSED_FUNCTION = YES;
				GCC_WARN_UNUSED_VARIABLE = YES;
				IPHONEOS_DEPLOYMENT_TARGET = 10.3;
				MTL_ENABLE_DEBUG_INFO = NO;
				SDKROOT = iphoneos;
				SWIFT_OPTIMIZATION_LEVEL = "-Owholemodule";
				VALIDATE_PRODUCT = YES;
			};
			name = Release;
		};
		4969DB841F0CCF71005BEB60 /* Debug */ = {
			isa = XCBuildConfiguration;
			baseConfigurationReference = 8441D5E545FE9F5EB061D798 /* Pods-Social app.debug.xcconfig */;
			buildSettings = {
				ASSETCATALOG_COMPILER_APPICON_NAME = AppIcon;
				DEVELOPMENT_TEAM = 36YPV5A7MB;
				INFOPLIST_FILE = "Social app/Info.plist";
				LD_RUNPATH_SEARCH_PATHS = "$(inherited) @executable_path/Frameworks";
				PRODUCT_BUNDLE_IDENTIFIER = "com.ipf.Social-app";
				PRODUCT_NAME = "$(TARGET_NAME)";
				SWIFT_VERSION = 3.0;
			};
			name = Debug;
		};
		4969DB851F0CCF71005BEB60 /* Release */ = {
			isa = XCBuildConfiguration;
			baseConfigurationReference = D22838408BE804732E32C111 /* Pods-Social app.release.xcconfig */;
			buildSettings = {
				ASSETCATALOG_COMPILER_APPICON_NAME = AppIcon;
				DEVELOPMENT_TEAM = 36YPV5A7MB;
				INFOPLIST_FILE = "Social app/Info.plist";
				LD_RUNPATH_SEARCH_PATHS = "$(inherited) @executable_path/Frameworks";
				PRODUCT_BUNDLE_IDENTIFIER = "com.ipf.Social-app";
				PRODUCT_NAME = "$(TARGET_NAME)";
				SWIFT_VERSION = 3.0;
			};
			name = Release;
		};
/* End XCBuildConfiguration section */

/* Begin XCConfigurationList section */
		4969DB6C1F0CCF6E005BEB60 /* Build configuration list for PBXProject "Social app" */ = {
			isa = XCConfigurationList;
			buildConfigurations = (
				4969DB811F0CCF71005BEB60 /* Debug */,
				4969DB821F0CCF71005BEB60 /* Release */,
			);
			defaultConfigurationIsVisible = 0;
			defaultConfigurationName = Release;
		};
		4969DB831F0CCF71005BEB60 /* Build configuration list for PBXNativeTarget "Social app" */ = {
			isa = XCConfigurationList;
			buildConfigurations = (
				4969DB841F0CCF71005BEB60 /* Debug */,
				4969DB851F0CCF71005BEB60 /* Release */,
			);
			defaultConfigurationIsVisible = 0;
			defaultConfigurationName = Release;
		};
/* End XCConfigurationList section */
	};
	rootObject = 4969DB691F0CCF6E005BEB60 /* Project object */;
}
